{
  "nodes": {
    "banno-ca": {
      "flake": false,
      "locked": {
        "narHash": "sha256-OmoDsVYD+Z0dXnXUc3crDyDdje4ByXi0jHBqBOjMafY=",
        "type": "tarball",
        "url": "https://banno-tooling.s3.amazonaws.com/certs/banno-ca-certs-2023-01-17.tar.gz"
      },
      "original": {
        "type": "tarball",
        "url": "https://banno-tooling.s3.amazonaws.com/certs/banno-ca-certs-2023-01-17.tar.gz"
      }
    },
    "base-emacs": {
      "inputs": {
        "nixpkgs": [
          "nixpkgs"
        ]
      },
      "locked": {
        "lastModified": 1696447187,
        "narHash": "sha256-RkpUTmJTuWnocBawtNRWX30cvBV75qfifJz94akFL2Y=",
        "owner": "gutscdav000",
        "repo": "base-emacs-home-manager-module",
        "rev": "b04c4b149b50a807d24b4db4e458263f9fe63113",
        "type": "github"
      },
      "original": {
        "owner": "gutscdav000",
        "repo": "base-emacs-home-manager-module",
        "type": "github"
      }
    },
    "beelzebub": {
      "flake": false,
      "locked": {
        "lastModified": 1696284197,
        "narHash": "sha256-FispDNobAXBZ5l5G77u5uI5OZnxsdvkcEbhaPPw5oB4=",
        "ref": "refs/tags/v0.0.27",
        "rev": "e44027f9292020ca2d38cbabfa7e65b986484875",
        "revCount": 124,
        "type": "git",
        "url": "ssh://git@github.com/Banno/beelzebub.git"
      },
      "original": {
        "ref": "refs/tags/v0.0.27",
        "type": "git",
        "url": "ssh://git@github.com/Banno/beelzebub.git"
      }
    },
    "copilot-el": {
      "flake": false,
      "locked": {
        "lastModified": 1702981554,
        "narHash": "sha256-Tzs0Dawqa+OD0RSsf66ORbH6MdBp7BMXX7z+5UuNwq4=",
        "owner": "zerolfx",
        "repo": "copilot.el",
        "rev": "d4fa14cea818e041b4a536c5052cf6d28c7223d7",
        "type": "github"
      },
      "original": {
        "owner": "zerolfx",
        "repo": "copilot.el",
        "type": "github"
      }
    },
    "digital-nix": {
      "inputs": {
        "banno-ca": "banno-ca",
        "beelzebub": "beelzebub",
        "flake-parts": "flake-parts",
        "nixpkgs": [
          "nixpkgs"
        ],
        "postgres-connect": "postgres-connect",
        "sbt": "sbt"
      },
      "locked": {
        "lastModified": 1701968171,
        "narHash": "sha256-SXOfrofjNQhFN+sOr4DvFAC0JBgFJq4Kd4f4CMLla68=",
        "ref": "refs/heads/main",
        "rev": "269b69e222541a6110f494ec6ae2f728ecd843de",
        "revCount": 86,
        "type": "git",
        "url": "ssh://git@github.com/banno/digital-nix.git"
      },
      "original": {
        "type": "git",
        "url": "ssh://git@github.com/banno/digital-nix.git"
      }
    },
    "emacs-overlay": {
      "inputs": {
        "flake-utils": "flake-utils_2",
        "nixpkgs": "nixpkgs",
        "nixpkgs-stable": "nixpkgs-stable"
      },
      "locked": {
        "lastModified": 1702399955,
        "narHash": "sha256-FnB5O1RVFzj3h7Ayf7UxFnOL1gsJuG6gn1LCTd9dKFs=",
        "owner": "nix-community",
        "repo": "emacs-overlay",
        "rev": "47798c4ab07d5f055bb2625010cf6d8e3f384923",
        "type": "github"
      },
      "original": {
        "owner": "nix-community",
        "repo": "emacs-overlay",
        "type": "github"
      }
    },
    "flake-parts": {
      "inputs": {
        "nixpkgs-lib": "nixpkgs-lib"
      },
      "locked": {
        "lastModified": 1696203690,
        "narHash": "sha256-774XMEL7VHSTLDYVkqrbl5GCdmkVKsjMs+KLM4N4t7k=",
        "owner": "hercules-ci",
        "repo": "flake-parts",
        "rev": "21928e6758af0a258002647d14363d5ffc85545b",
        "type": "github"
      },
      "original": {
        "owner": "hercules-ci",
        "repo": "flake-parts",
        "type": "github"
      }
    },
    "flake-utils": {
      "locked": {
        "lastModified": 1667395993,
        "narHash": "sha256-nuEHfE/LcWyuSWnS8t12N1wc105Qtau+/OdUAjtQ0rA=",
        "owner": "numtide",
        "repo": "flake-utils",
        "rev": "5aed5285a952e0b949eb3ba02c12fa4fcfef535f",
        "type": "github"
      },
      "original": {
        "owner": "numtide",
        "repo": "flake-utils",
        "type": "github"
      }
    },
    "flake-utils_2": {
      "inputs": {
        "systems": "systems"
      },
      "locked": {
        "lastModified": 1701680307,
        "narHash": "sha256-kAuep2h5ajznlPMD9rnQyffWG8EM/C73lejGofXvdM8=",
        "owner": "numtide",
        "repo": "flake-utils",
        "rev": "4022d587cbbfd70fe950c1e2083a02621806a725",
        "type": "github"
      },
      "original": {
        "owner": "numtide",
        "repo": "flake-utils",
        "type": "github"
      }
    },
    "flake-utils_3": {
      "inputs": {
        "systems": "systems_2"
      },
      "locked": {
        "lastModified": 1694529238,
        "narHash": "sha256-zsNZZGTGnMOf9YpHKJqMSsa0dXbfmxeoJ7xHlrt+xmY=",
        "owner": "numtide",
        "repo": "flake-utils",
        "rev": "ff7b65b44d01cf9ba6a71320833626af21126384",
        "type": "github"
      },
      "original": {
        "owner": "numtide",
        "repo": "flake-utils",
        "type": "github"
      }
    },
    "flakey": {
      "inputs": {
        "flake-utils": "flake-utils_3",
        "nixpkgs": [
          "nixpkgs"
        ]
      },
      "locked": {
        "lastModified": 1702686601,
        "narHash": "sha256-OEDHqeFFVaNmKv0VE+XGthyj4DIjIbuAlVJcvjpO4Zg=",
        "owner": "zarthross",
        "repo": "flakey",
        "rev": "75628a7e83ab222014712c4af161eda07760cbc1",
        "type": "github"
      },
      "original": {
        "owner": "zarthross",
        "repo": "flakey",
        "type": "github"
      }
    },
    "home-manager": {
      "inputs": {
        "nixpkgs": [
          "nixpkgs"
        ]
      },
      "locked": {
        "lastModified": 1702195668,
        "narHash": "sha256-Lxmjez0nfNBptdqV5GsXKm7Bb7swjGsrxiLxWJu0tL8=",
        "owner": "nix-community",
        "repo": "home-manager",
        "rev": "33110fb3c7fe6a94b98b641866a5eddb64b7c23f",
        "type": "github"
      },
      "original": {
        "owner": "nix-community",
        "ref": "release-23.05",
        "repo": "home-manager",
        "type": "github"
      }
    },
    "nix-darwin": {
      "inputs": {
        "nixpkgs": [
          "nixpkgs"
        ]
      },
      "locked": {
        "lastModified": 1700795494,
        "narHash": "sha256-gzGLZSiOhf155FW7262kdHo2YDeugp3VuIFb4/GGng0=",
        "owner": "lnl7",
        "repo": "nix-darwin",
        "rev": "4b9b83d5a92e8c1fbfd8eb27eda375908c11ec4d",
        "type": "github"
      },
      "original": {
        "owner": "lnl7",
        "ref": "master",
        "repo": "nix-darwin",
        "type": "github"
      }
    },
    "nixpkgs": {
      "locked": {
        "lastModified": 1702151865,
        "narHash": "sha256-9VAt19t6yQa7pHZLDbil/QctAgVsA66DLnzdRGqDisg=",
        "owner": "NixOS",
        "repo": "nixpkgs",
        "rev": "666fc80e7b2afb570462423cb0e1cf1a3a34fedd",
        "type": "github"
      },
      "original": {
        "owner": "NixOS",
        "ref": "nixos-unstable",
        "repo": "nixpkgs",
        "type": "github"
      }
    },
    "nixpkgs-lib": {
      "locked": {
        "dir": "lib",
        "lastModified": 1696019113,
        "narHash": "sha256-X3+DKYWJm93DRSdC5M6K5hLqzSya9BjibtBsuARoPco=",
        "owner": "NixOS",
        "repo": "nixpkgs",
        "rev": "f5892ddac112a1e9b3612c39af1b72987ee5783a",
        "type": "github"
      },
      "original": {
        "dir": "lib",
        "owner": "NixOS",
        "ref": "nixos-unstable",
        "repo": "nixpkgs",
        "type": "github"
      }
    },
    "nixpkgs-stable": {
      "locked": {
        "lastModified": 1702221085,
        "narHash": "sha256-Br3GCSkkvkmw46cT6wCz6ro2H1WgDMWbKE0qctbdtL0=",
        "owner": "NixOS",
        "repo": "nixpkgs",
        "rev": "c2786e7084cbad90b4f9472d5b5e35ecb57958af",
        "type": "github"
      },
      "original": {
        "owner": "NixOS",
        "ref": "nixos-23.05",
        "repo": "nixpkgs",
        "type": "github"
      }
    },
    "nixpkgs-unstable": {
      "locked": {
        "lastModified": 1702900294,
        "narHash": "sha256-pt7sSoJYNw3n8YtXw0Z/Nnr6/PfY2YrjDvqboErXnRM=",
        "owner": "NixOS",
        "repo": "nixpkgs",
        "rev": "886c9aee6ca9324e127f9c2c4e6f68c2641c8256",
        "type": "github"
      },
      "original": {
        "owner": "NixOS",
        "ref": "nixpkgs-unstable",
        "repo": "nixpkgs",
        "type": "github"
      }
    },
    "nixpkgs_2": {
      "locked": {
        "lastModified": 1702882221,
        "narHash": "sha256-L/uOrBqkGsa45EvQk4DLq/aR6JeomW+7Mwe0mC/dVUM=",
        "owner": "NixOS",
        "repo": "nixpkgs",
        "rev": "25fef6e30d8ad48f47a8411ccfe986d8baed8a15",
        "type": "github"
      },
      "original": {
        "owner": "NixOS",
        "ref": "nixpkgs-23.05-darwin",
        "repo": "nixpkgs",
        "type": "github"
      }
    },
    "postgres-connect": {
      "flake": false,
      "locked": {
        "lastModified": 1700063340,
        "narHash": "sha256-okBKph7InvRGXS3m8o/OIVpnR5fXVu/W7p1tygbLQ0E=",
        "ref": "refs/tags/v1.6.2",
        "rev": "7306a6ce68e3e703c920aaf7103193d371e5dcba",
        "revCount": 172,
        "type": "git",
        "url": "ssh://git@github.com/Banno/postgres-connect.git"
      },
      "original": {
        "ref": "refs/tags/v1.6.2",
        "type": "git",
        "url": "ssh://git@github.com/Banno/postgres-connect.git"
      }
    },
    "root": {
      "inputs": {
        "base-emacs": "base-emacs",
        "copilot-el": "copilot-el",
        "digital-nix": "digital-nix",
        "emacs-overlay": "emacs-overlay",
        "flakey": "flakey",
        "home-manager": "home-manager",
        "nix-darwin": "nix-darwin",
        "nixpkgs": "nixpkgs_2",
        "nixpkgs-unstable": "nixpkgs-unstable"
      }
    },
    "sbt": {
      "inputs": {
        "flake-utils": "flake-utils",
        "nixpkgs": [
          "digital-nix",
          "nixpkgs"
        ]
      },
      "locked": {
        "lastModified": 1675083208,
        "narHash": "sha256-+sSFhSpV2jckr1qYlX/SaxQ6IdpagD6o4rru/3HAl0I=",
        "owner": "zaninime",
        "repo": "sbt-derivation",
        "rev": "92d6d6d825e3f6ae5642d1cce8ff571c3368aaf7",
        "type": "github"
      },
      "original": {
        "owner": "zaninime",
        "repo": "sbt-derivation",
        "type": "github"
      }
    },
    "systems": {
      "locked": {
        "lastModified": 1681028828,
        "narHash": "sha256-Vy1rq5AaRuLzOxct8nz4T6wlgyUR7zLU309k9mBC768=",
        "owner": "nix-systems",
        "repo": "default",
        "rev": "da67096a3b9bf56a91d16901293e51ba5b49a27e",
        "type": "github"
      },
      "original": {
        "owner": "nix-systems",
        "repo": "default",
        "type": "github"
      }
    },
    "systems_2": {
      "locked": {
        "lastModified": 1681028828,
        "narHash": "sha256-Vy1rq5AaRuLzOxct8nz4T6wlgyUR7zLU309k9mBC768=",
        "owner": "nix-systems",
        "repo": "default",
        "rev": "da67096a3b9bf56a91d16901293e51ba5b49a27e",
        "type": "github"
      },
      "original": {
        "owner": "nix-systems",
        "repo": "default",
        "type": "github"
      }
    }
  },
  "root": "root",
  "version": 7
}
